
Microsoft Visual Studio Solution File, Format Version 12.00
# Visual Studio Version 17
VisualStudioVersion = 17.8.34511.84
MinimumVisualStudioVersion = 10.0.40219.1
Project("{888888A0-9F3D-457C-B088-3A5042F75D52}") = "Project R", "Project R\Project R.pyproj", "{6FFC2CEF-225E-45CA-A9CE-20DF85FE3EE0}"
EndProject
Global
	GlobalSection(SolutionConfigurationPlatforms) = preSolution
		Debug|Any CPU = Debug|Any CPU
		Release|Any CPU = Release|Any CPU
	EndGlobalSection
	GlobalSection(ProjectConfigurationPlatforms) = postSolution
		{6FFC2CEF-225E-45CA-A9CE-20DF85FE3EE0}.Debug|Any CPU.ActiveCfg = Debug|Any CPU
		{6FFC2CEF-225E-45CA-A9CE-20DF85FE3EE0}.Release|Any CPU.ActiveCfg = Release|Any CPU
	EndGlobalSection
	GlobalSection(SolutionProperties) = preSolution
		HideSolutionNode = FALSE
	EndGlobalSection
	GlobalSection(ExtensibilityGlobals) = postSolution
		SolutionGuid = {04ECA06A-63C2-4450-9AB0-54BBDC4E88B7}
	EndGlobalSection
EndGlobal
